
Microsoft Visual Studio Solution File, Format Version 12.00
# Visual Studio Version 17
VisualStudioVersion = 17.8.34330.188
MinimumVisualStudioVersion = 10.0.40219.1
Project("{FAE04EC0-301F-11D3-BF4B-00C04F79EFBC}") = "CS_Player_Info_API", "CS_Player_Info_API\CS_Player_Info_API.csproj", "{CDD938F2-C632-4DDB-AC09-A3E3E8B04052}"
EndProject
Global
	GlobalSection(SolutionConfigurationPlatforms) = preSolution
		Debug|Any CPU = Debug|Any CPU
		Release|Any CPU = Release|Any CPU
	EndGlobalSection
	GlobalSection(ProjectConfigurationPlatforms) = postSolution
		{CDD938F2-C632-4DDB-AC09-A3E3E8B04052}.Debug|Any CPU.ActiveCfg = Debug|Any CPU
		{CDD938F2-C632-4DDB-AC09-A3E3E8B04052}.Debug|Any CPU.Build.0 = Debug|Any CPU
		{CDD938F2-C632-4DDB-AC09-A3E3E8B04052}.Release|Any CPU.ActiveCfg = Release|Any CPU
		{CDD938F2-C632-4DDB-AC09-A3E3E8B04052}.Release|Any CPU.Build.0 = Release|Any CPU
	EndGlobalSection
	GlobalSection(SolutionProperties) = preSolution
		HideSolutionNode = FALSE
	EndGlobalSection
	GlobalSection(ExtensibilityGlobals) = postSolution
		SolutionGuid = {0E4831D5-945C-4B81-87C4-5605B3F4AD52}
	EndGlobalSection
EndGlobal
